// !$*UTF8*$!
{
	archiveVersion = 1;
	classes = {
	};
	objectVersion = 46;
	objects = {

/* Begin PBXBuildFile section */
		2728C9701F73B90C008B1F48 /* RCTYiXin.m in Sources */ = {isa = PBXBuildFile; fileRef = 2728C96F1F73B90C008B1F48 /* RCTYiXin.m */; };
		2728C9711F73B90C008B1F48 /* RCTYiXin.h in CopyFiles */ = {isa = PBXBuildFile; fileRef = 2728C96E1F73B90C008B1F48 /* RCTYiXin.h */; };
		2728C97A1F73B9C9008B1F48 /* libYixinSDK_V2.4.a in Frameworks */ = {isa = PBXBuildFile; fileRef = 2728C9771F73B9C9008B1F48 /* libYixinSDK_V2.4.a */; };
		2728C97D1F73C03D008B1F48 /* CoreGraphics.framework in Frameworks */ = {isa = PBXBuildFile; fileRef = 2728C97C1F73C03D008B1F48 /* CoreGraphics.framework */; };
		2728C97F1F73C045008B1F48 /* UIKit.framework in Frameworks */ = {isa = PBXBuildFile; fileRef = 2728C97E1F73C045008B1F48 /* UIKit.framework */; };
		2728C9811F73C04E008B1F48 /* Foundation.framework in Frameworks */ = {isa = PBXBuildFile; fileRef = 2728C9801F73C04E008B1F48 /* Foundation.framework */; };
/* End PBXBuildFile section */

/* Begin PBXCopyFilesBuildPhase section */
		2728C9691F73B90C008B1F48 /* CopyFiles */ = {
			isa = PBXCopyFilesBuildPhase;
			buildActionMask = 2147483647;
			dstPath = "include/$(PRODUCT_NAME)";
			dstSubfolderSpec = 16;
			files = (
				2728C9711F73B90C008B1F48 /* RCTYiXin.h in CopyFiles */,
			);
			runOnlyForDeploymentPostprocessing = 0;
		};
/* End PBXCopyFilesBuildPhase section */

/* Begin PBXFileReference section */
		2728C96B1F73B90C008B1F48 /* libRCTYiXin.a */ = {isa = PBXFileReference; explicitFileType = archive.ar; includeInIndex = 0; path = libRCTYiXin.a; sourceTree = BUILT_PRODUCTS_DIR; };
		2728C96E1F73B90C008B1F48 /* RCTYiXin.h */ = {isa = PBXFileReference; lastKnownFileType = sourcecode.c.h; path = RCTYiXin.h; sourceTree = "<group>"; };
		2728C96F1F73B90C008B1F48 /* RCTYiXin.m */ = {isa = PBXFileReference; lastKnownFileType = sourcecode.c.objc; path = RCTYiXin.m; sourceTree = "<group>"; };
		2728C9771F73B9C9008B1F48 /* libYixinSDK_V2.4.a */ = {isa = PBXFileReference; lastKnownFileType = archive.ar; path = libYixinSDK_V2.4.a; sourceTree = "<group>"; };
		2728C9781F73B9C9008B1F48 /* YXApi.h */ = {isa = PBXFileReference; fileEncoding = 4; lastKnownFileType = sourcecode.c.h; path = YXApi.h; sourceTree = "<group>"; };
		2728C9791F73B9C9008B1F48 /* YXApiObject.h */ = {isa = PBXFileReference; fileEncoding = 4; lastKnownFileType = sourcecode.c.h; path = YXApiObject.h; sourceTree = "<group>"; };
		2728C97C1F73C03D008B1F48 /* CoreGraphics.framework */ = {isa = PBXFileReference; lastKnownFileType = wrapper.framework; name = CoreGraphics.framework; path = System/Library/Frameworks/CoreGraphics.framework; sourceTree = SDKROOT; };
		2728C97E1F73C045008B1F48 /* UIKit.framework */ = {isa = PBXFileReference; lastKnownFileType = wrapper.framework; name = UIKit.framework; path = System/Library/Frameworks/UIKit.framework; sourceTree = SDKROOT; };
		2728C9801F73C04E008B1F48 /* Foundation.framework */ = {isa = PBXFileReference; lastKnownFileType = wrapper.framework; name = Foundation.framework; path = System/Library/Frameworks/Foundation.framework; sourceTree = SDKROOT; };
/* End PBXFileReference section */

/* Begin PBXFrameworksBuildPhase section */
		2728C9681F73B90C008B1F48 /* Frameworks */ = {
			isa = PBXFrameworksBuildPhase;
			buildActionMask = 2147483647;
			files = (
				2728C9811F73C04E008B1F48 /* Foundation.framework in Frameworks */,
				2728C97F1F73C045008B1F48 /* UIKit.framework in Frameworks */,
				2728C97D1F73C03D008B1F48 /* CoreGraphics.framework in Frameworks */,
				2728C97A1F73B9C9008B1F48 /* libYixinSDK_V2.4.a in Frameworks */,
			);
			runOnlyForDeploymentPostprocessing = 0;
		};
/* End PBXFrameworksBuildPhase section */

/* Begin PBXGroup section */
		2728C9621F73B90C008B1F48 = {
			isa = PBXGroup;
			children = (
				2728C9771F73B9C9008B1F48 /* libYixinSDK_V2.4.a */,
				2728C9781F73B9C9008B1F48 /* YXApi.h */,
				2728C9791F73B9C9008B1F48 /* YXApiObject.h */,
				2728C96D1F73B90C008B1F48 /* RCTYiXin */,
				2728C96C1F73B90C008B1F48 /* Products */,
				2728C97B1F73C03C008B1F48 /* Frameworks */,
			);
			sourceTree = "<group>";
		};
		2728C96C1F73B90C008B1F48 /* Products */ = {
			isa = PBXGroup;
			children = (
				2728C96B1F73B90C008B1F48 /* libRCTYiXin.a */,
			);
			name = Products;
			sourceTree = "<group>";
		};
		2728C96D1F73B90C008B1F48 /* RCTYiXin */ = {
			isa = PBXGroup;
			children = (
				2728C96E1F73B90C008B1F48 /* RCTYiXin.h */,
				2728C96F1F73B90C008B1F48 /* RCTYiXin.m */,
			);
			path = RCTYiXin;
			sourceTree = "<group>";
		};
		2728C97B1F73C03C008B1F48 /* Frameworks */ = {
			isa = PBXGroup;
			children = (
				2728C9801F73C04E008B1F48 /* Foundation.framework */,
				2728C97E1F73C045008B1F48 /* UIKit.framework */,
				2728C97C1F73C03D008B1F48 /* CoreGraphics.framework */,
			);
			name = Frameworks;
			sourceTree = "<group>";
		};
/* End PBXGroup section */

/* Begin PBXNativeTarget section */
		2728C96A1F73B90C008B1F48 /* RCTYiXin */ = {
			isa = PBXNativeTarget;
			buildConfigurationList = 2728C9741F73B90C008B1F48 /* Build configuration list for PBXNativeTarget "RCTYiXin" */;
			buildPhases = (
				2728C9671F73B90C008B1F48 /* Sources */,
				2728C9681F73B90C008B1F48 /* Frameworks */,
				2728C9691F73B90C008B1F48 /* CopyFiles */,
			);
			buildRules = (
			);
			dependencies = (
			);
			name = RCTYiXin;
			productName = RCTYiXin;
			productReference = 2728C96B1F73B90C008B1F48 /* libRCTYiXin.a */;
			productType = "com.apple.product-type.library.static";
		};
/* End PBXNativeTarget section */

/* Begin PBXProject section */
		2728C9631F73B90C008B1F48 /* Project object */ = {
			isa = PBXProject;
			attributes = {
				LastUpgradeCheck = 0830;
				ORGANIZATIONNAME = "china-mobile2008";
				TargetAttributes = {
					2728C96A1F73B90C008B1F48 = {
						CreatedOnToolsVersion = 8.3.1;
						DevelopmentTeam = 32K538S56K;
						ProvisioningStyle = Automatic;
					};
				};
			};
			buildConfigurationList = 2728C9661F73B90C008B1F48 /* Build configuration list for PBXProject "RCTYiXin" */;
			compatibilityVersion = "Xcode 3.2";
			developmentRegion = English;
			hasScannedForEncodings = 0;
			knownRegions = (
				en,
			);
			mainGroup = 2728C9621F73B90C008B1F48;
			productRefGroup = 2728C96C1F73B90C008B1F48 /* Products */;
			projectDirPath = "";
			projectRoot = "";
			targets = (
				2728C96A1F73B90C008B1F48 /* RCTYiXin */,
			);
		};
/* End PBXProject section */

/* Begin PBXSourcesBuildPhase section */
		2728C9671F73B90C008B1F48 /* Sources */ = {
			isa = PBXSourcesBuildPhase;
			buildActionMask = 2147483647;
			files = (
				2728C9701F73B90C008B1F48 /* RCTYiXin.m in Sources */,
			);
			runOnlyForDeploymentPostprocessing = 0;
		};
/* End PBXSourcesBuildPhase section */

/* Begin XCBuildConfiguration section */
		2728C9721F73B90C008B1F48 /* Debug */ = {
			isa = XCBuildConfiguration;
			buildSettings = {
				ALWAYS_SEARCH_USER_PATHS = NO;
				CLANG_ANALYZER_NONNULL = YES;
				CLANG_ANALYZER_NUMBER_OBJECT_CONVERSION = YES_AGGRESSIVE;
				CLANG_CXX_LANGUAGE_STANDARD = "gnu++0x";
				CLANG_CXX_LIBRARY = "libc++";
				CLANG_ENABLE_MODULES = YES;
				CLANG_ENABLE_OBJC_ARC = YES;
				CLANG_WARN_BOOL_CONVERSION = YES;
				CLANG_WARN_CONSTANT_CONVERSION = YES;
				CLANG_WARN_DIRECT_OBJC_ISA_USAGE = YES_ERROR;
				CLANG_WARN_DOCUMENTATION_COMMENTS = YES;
				CLANG_WARN_EMPTY_BODY = YES;
				CLANG_WARN_ENUM_CONVERSION = YES;
				CLANG_WARN_INFINITE_RECURSION = YES;
				CLANG_WARN_INT_CONVERSION = YES;
				CLANG_WARN_OBJC_ROOT_CLASS = YES_ERROR;
				CLANG_WARN_SUSPICIOUS_MOVE = YES;
				CLANG_WARN_UNREACHABLE_CODE = YES;
				CLANG_WARN__DUPLICATE_METHOD_MATCH = YES;
				"CODE_SIGN_IDENTITY[sdk=iphoneos*]" = "iPhone Developer";
				COPY_PHASE_STRIP = NO;
				DEBUG_INFORMATION_FORMAT = dwarf;
				ENABLE_STRICT_OBJC_MSGSEND = YES;
				ENABLE_TESTABILITY = YES;
				GCC_C_LANGUAGE_STANDARD = gnu99;
				GCC_DYNAMIC_NO_PIC = NO;
				GCC_NO_COMMON_BLOCKS = YES;
				GCC_OPTIMIZATION_LEVEL = 0;
				GCC_PREPROCESSOR_DEFINITIONS = (
					"DEBUG=1",
					"$(inherited)",
				);
				GCC_WARN_64_TO_32_BIT_CONVERSION = YES;
				GCC_WARN_ABOUT_RETURN_TYPE = YES_ERROR;
				GCC_WARN_UNDECLARED_SELECTOR = YES;
				GCC_WARN_UNINITIALIZED_AUTOS = YES_AGGRESSIVE;
				GCC_WARN_UNUSED_FUNCTION = YES;
				GCC_WARN_UNUSED_VARIABLE = YES;
				IPHONEOS_DEPLOYMENT_TARGET = 10.3;
				MTL_ENABLE_DEBUG_INFO = YES;
				ONLY_ACTIVE_ARCH = YES;
				SDKROOT = iphoneos;
			};
			name = Debug;
		};
		2728C9731F73B90C008B1F48 /* Release */ = {
			isa = XCBuildConfiguration;
			buildSettings = {
				ALWAYS_SEARCH_USER_PATHS = NO;
				CLANG_ANALYZER_NONNULL = YES;
				CLANG_ANALYZER_NUMBER_OBJECT_CONVERSION = YES_AGGRESSIVE;
				CLANG_CXX_LANGUAGE_STANDARD = "gnu++0x";
				CLANG_CXX_LIBRARY = "libc++";
				CLANG_ENABLE_MODULES = YES;
				CLANG_ENABLE_OBJC_ARC = YES;
				CLANG_WARN_BOOL_CONVERSION = YES;
				CLANG_WARN_CONSTANT_CONVERSION = YES;
				CLANG_WARN_DIRECT_OBJC_ISA_USAGE = YES_ERROR;
				CLANG_WARN_DOCUMENTATION_COMMENTS = YES;
				CLANG_WARN_EMPTY_BODY = YES;
				CLANG_WARN_ENUM_CONVERSION = YES;
				CLANG_WARN_INFINITE_RECURSION = YES;
				CLANG_WARN_INT_CONVERSION = YES;
				CLANG_WARN_OBJC_ROOT_CLASS = YES_ERROR;
				CLANG_WARN_SUSPICIOUS_MOVE = YES;
				CLANG_WARN_UNREACHABLE_CODE = YES;
				CLANG_WARN__DUPLICATE_METHOD_MATCH = YES;
				"CODE_SIGN_IDENTITY[sdk=iphoneos*]" = "iPhone Developer";
				COPY_PHASE_STRIP = NO;
				DEBUG_INFORMATION_FORMAT = "dwarf-with-dsym";
				ENABLE_NS_ASSERTIONS = NO;
				ENABLE_STRICT_OBJC_MSGSEND = YES;
				GCC_C_LANGUAGE_STANDARD = gnu99;
				GCC_NO_COMMON_BLOCKS = YES;
				GCC_WARN_64_TO_32_BIT_CONVERSION = YES;
				GCC_WARN_ABOUT_RETURN_TYPE = YES_ERROR;
				GCC_WARN_UNDECLARED_SELECTOR = YES;
				GCC_WARN_UNINITIALIZED_AUTOS = YES_AGGRESSIVE;
				GCC_WARN_UNUSED_FUNCTION = YES;
				GCC_WARN_UNUSED_VARIABLE = YES;
				IPHONEOS_DEPLOYMENT_TARGET = 10.3;
				MTL_ENABLE_DEBUG_INFO = NO;
				SDKROOT = iphoneos;
				VALIDATE_PRODUCT = YES;
			};
			name = Release;
		};
		2728C9751F73B90C008B1F48 /* Debug */ = {
			isa = XCBuildConfiguration;
			buildSettings = {
				DEVELOPMENT_TEAM = 32K538S56K;
				LIBRARY_SEARCH_PATHS = (
					"$(inherited)",
					"$(PROJECT_DIR)",
				);
				OTHER_LDFLAGS = "-ObjC";
				PRODUCT_NAME = "$(TARGET_NAME)";
				SKIP_INSTALL = YES;
			};
			name = Debug;
		};
		2728C9761F73B90C008B1F48 /* Release */ = {
			isa = XCBuildConfiguration;
			buildSettings = {
				DEVELOPMENT_TEAM = 32K538S56K;
				LIBRARY_SEARCH_PATHS = (
					"$(inherited)",
					"$(PROJECT_DIR)",
				);
				OTHER_LDFLAGS = "-ObjC";
				PRODUCT_NAME = "$(TARGET_NAME)";
				SKIP_INSTALL = YES;
			};
			name = Release;
		};
/* End XCBuildConfiguration section */

/* Begin XCConfigurationList section */
		2728C9661F73B90C008B1F48 /* Build configuration list for PBXProject "RCTYiXin" */ = {
			isa = XCConfigurationList;
			buildConfigurations = (
				2728C9721F73B90C008B1F48 /* Debug */,
				2728C9731F73B90C008B1F48 /* Release */,
			);
			defaultConfigurationIsVisible = 0;
			defaultConfigurationName = Release;
		};
		2728C9741F73B90C008B1F48 /* Build configuration list for PBXNativeTarget "RCTYiXin" */ = {
			isa = XCConfigurationList;
			buildConfigurations = (
				2728C9751F73B90C008B1F48 /* Debug */,
				2728C9761F73B90C008B1F48 /* Release */,
			);
			defaultConfigurationIsVisible = 0;
		};
/* End XCConfigurationList section */
	};
	rootObject = 2728C9631F73B90C008B1F48 /* Project object */;
}
